// !$*UTF8*$!
{
	archiveVersion = 1;
	classes = {
	};
	objectVersion = 55;
	objects = {

/* Begin PBXBuildFile section */
		2C4895DF28EAF0690010DFC7 /* Constants.swift in Sources */ = {isa = PBXBuildFile; fileRef = 2C4895DE28EAF0690010DFC7 /* Constants.swift */; };
		2C4895E128EAF0810010DFC7 /* CustomEnvironmentProperties.swift in Sources */ = {isa = PBXBuildFile; fileRef = 2C4895E028EAF0810010DFC7 /* CustomEnvironmentProperties.swift */; };
		2C4895E428EAF0C70010DFC7 /* BackButton.swift in Sources */ = {isa = PBXBuildFile; fileRef = 2C4895E328EAF0C70010DFC7 /* BackButton.swift */; };
		2C4895F428EAF21B0010DFC7 /* Assets.swift in Sources */ = {isa = PBXBuildFile; fileRef = 2C4895F328EAF21B0010DFC7 /* Assets.swift */; };
		2C4895F628EAF2520010DFC7 /* Fonts.swift in Sources */ = {isa = PBXBuildFile; fileRef = 2C4895F528EAF2520010DFC7 /* Fonts.swift */; };
		2C48960928EAF4CF0010DFC7 /* SF-Compact-Rounded-Thin.otf in Resources */ = {isa = PBXBuildFile; fileRef = 2C48960028EAF4CF0010DFC7 /* SF-Compact-Rounded-Thin.otf */; };
		2C48960A28EAF4CF0010DFC7 /* SF-Compact-Rounded-Bold.otf in Resources */ = {isa = PBXBuildFile; fileRef = 2C48960128EAF4CF0010DFC7 /* SF-Compact-Rounded-Bold.otf */; };
		2C48960B28EAF4CF0010DFC7 /* SF-Compact-Rounded-Black.otf in Resources */ = {isa = PBXBuildFile; fileRef = 2C48960228EAF4CF0010DFC7 /* SF-Compact-Rounded-Black.otf */; };
		2C48960C28EAF4CF0010DFC7 /* SF-Compact-Rounded-Ultralight.otf in Resources */ = {isa = PBXBuildFile; fileRef = 2C48960328EAF4CF0010DFC7 /* SF-Compact-Rounded-Ultralight.otf */; };
		2C48960D28EAF4CF0010DFC7 /* SF-Compact-Rounded-Medium.otf in Resources */ = {isa = PBXBuildFile; fileRef = 2C48960428EAF4CF0010DFC7 /* SF-Compact-Rounded-Medium.otf */; };
		2C48960E28EAF4CF0010DFC7 /* SF-Compact-Rounded-Heavy.otf in Resources */ = {isa = PBXBuildFile; fileRef = 2C48960528EAF4CF0010DFC7 /* SF-Compact-Rounded-Heavy.otf */; };
		2C48960F28EAF4CF0010DFC7 /* SF-Compact-Rounded-Light.otf in Resources */ = {isa = PBXBuildFile; fileRef = 2C48960628EAF4CF0010DFC7 /* SF-Compact-Rounded-Light.otf */; };
		2C48961028EAF4CF0010DFC7 /* SF-Compact-Rounded-Semibold.otf in Resources */ = {isa = PBXBuildFile; fileRef = 2C48960728EAF4CF0010DFC7 /* SF-Compact-Rounded-Semibold.otf */; };
		2C48961128EAF4CF0010DFC7 /* SF-Compact-Rounded-Regular.otf in Resources */ = {isa = PBXBuildFile; fileRef = 2C48960828EAF4CF0010DFC7 /* SF-Compact-Rounded-Regular.otf */; };
		2C48961328EAF60B0010DFC7 /* ButtonLabel.swift in Sources */ = {isa = PBXBuildFile; fileRef = 2C48961228EAF60B0010DFC7 /* ButtonLabel.swift */; };
		2C48961528EAFA160010DFC7 /* MenuBackgroundView.swift in Sources */ = {isa = PBXBuildFile; fileRef = 2C48961428EAFA160010DFC7 /* MenuBackgroundView.swift */; };
		2C48961728EAFA420010DFC7 /* GameBackgroundView.swift in Sources */ = {isa = PBXBuildFile; fileRef = 2C48961628EAFA420010DFC7 /* GameBackgroundView.swift */; };
		2C48961A28EAFA850010DFC7 /* HomeView.swift in Sources */ = {isa = PBXBuildFile; fileRef = 2C48961928EAFA850010DFC7 /* HomeView.swift */; };
		2C48961C28EB00F50010DFC7 /* PlayersListView.swift in Sources */ = {isa = PBXBuildFile; fileRef = 2C48961B28EB00F50010DFC7 /* PlayersListView.swift */; };
		2C48961F28EB01310010DFC7 /* Player.swift in Sources */ = {isa = PBXBuildFile; fileRef = 2C48961E28EB01310010DFC7 /* Player.swift */; };
		2C48962128EB01460010DFC7 /* Question.swift in Sources */ = {isa = PBXBuildFile; fileRef = 2C48962028EB01460010DFC7 /* Question.swift */; };
		2C48962328EB01600010DFC7 /* Penalty.swift in Sources */ = {isa = PBXBuildFile; fileRef = 2C48962228EB01600010DFC7 /* Penalty.swift */; };
		2C48962528EB016F0010DFC7 /* Blame.swift in Sources */ = {isa = PBXBuildFile; fileRef = 2C48962428EB016F0010DFC7 /* Blame.swift */; };
		2C48962728EB09890010DFC7 /* AddPlayerView.swift in Sources */ = {isa = PBXBuildFile; fileRef = 2C48962628EB09890010DFC7 /* AddPlayerView.swift */; };
		2C48962928EB397C0010DFC7 /* GameView.swift in Sources */ = {isa = PBXBuildFile; fileRef = 2C48962828EB397C0010DFC7 /* GameView.swift */; };
		2C48962B28EB39A70010DFC7 /* GameViewModel.swift in Sources */ = {isa = PBXBuildFile; fileRef = 2C48962A28EB39A70010DFC7 /* GameViewModel.swift */; };
		2C48962E28EB3A010010DFC7 /* GameDataProvider.swift in Sources */ = {isa = PBXBuildFile; fileRef = 2C48962D28EB3A010010DFC7 /* GameDataProvider.swift */; };
		2C4CED2228EB3BE3000EE935 /* Questions.txt in Resources */ = {isa = PBXBuildFile; fileRef = 2C4CED2028EB3BE2000EE935 /* Questions.txt */; };
		2C4CED2328EB3BE3000EE935 /* Penalties.txt in Resources */ = {isa = PBXBuildFile; fileRef = 2C4CED2128EB3BE3000EE935 /* Penalties.txt */; };
		2C734B6D28E2E9F40091575B /* UrkCardGameApp.swift in Sources */ = {isa = PBXBuildFile; fileRef = 2C734B6C28E2E9F40091575B /* UrkCardGameApp.swift */; };
		2C734B6F28E2E9F40091575B /* ContentView.swift in Sources */ = {isa = PBXBuildFile; fileRef = 2C734B6E28E2E9F40091575B /* ContentView.swift */; };
		2C734B7128E2E9F60091575B /* Assets.xcassets in Resources */ = {isa = PBXBuildFile; fileRef = 2C734B7028E2E9F60091575B /* Assets.xcassets */; };
		2C734B7428E2E9F60091575B /* Preview Assets.xcassets in Resources */ = {isa = PBXBuildFile; fileRef = 2C734B7328E2E9F60091575B /* Preview Assets.xcassets */; };
		2CA9D14528EC22240036A3C8 /* GameRulesView.swift in Sources */ = {isa = PBXBuildFile; fileRef = 2CA9D14428EC22240036A3C8 /* GameRulesView.swift */; };
		2CA9D14728EC3ECC0036A3C8 /* RateView.swift in Sources */ = {isa = PBXBuildFile; fileRef = 2CA9D14628EC3ECC0036A3C8 /* RateView.swift */; };
		2CA9D14928EC420D0036A3C8 /* SettingsView.swift in Sources */ = {isa = PBXBuildFile; fileRef = 2CA9D14828EC420D0036A3C8 /* SettingsView.swift */; };
/* End PBXBuildFile section */

/* Begin PBXFileReference section */
		2C4895DE28EAF0690010DFC7 /* Constants.swift */ = {isa = PBXFileReference; lastKnownFileType = sourcecode.swift; path = Constants.swift; sourceTree = "<group>"; };
		2C4895E028EAF0810010DFC7 /* CustomEnvironmentProperties.swift */ = {isa = PBXFileReference; lastKnownFileType = sourcecode.swift; path = CustomEnvironmentProperties.swift; sourceTree = "<group>"; };
		2C4895E328EAF0C70010DFC7 /* BackButton.swift */ = {isa = PBXFileReference; lastKnownFileType = sourcecode.swift; path = BackButton.swift; sourceTree = "<group>"; };
		2C4895F328EAF21B0010DFC7 /* Assets.swift */ = {isa = PBXFileReference; fileEncoding = 4; lastKnownFileType = sourcecode.swift; path = Assets.swift; sourceTree = "<group>"; };
		2C4895F528EAF2520010DFC7 /* Fonts.swift */ = {isa = PBXFileReference; fileEncoding = 4; lastKnownFileType = sourcecode.swift; path = Fonts.swift; sourceTree = "<group>"; };
		2C48960028EAF4CF0010DFC7 /* SF-Compact-Rounded-Thin.otf */ = {isa = PBXFileReference; lastKnownFileType = file; path = "SF-Compact-Rounded-Thin.otf"; sourceTree = "<group>"; };
		2C48960128EAF4CF0010DFC7 /* SF-Compact-Rounded-Bold.otf */ = {isa = PBXFileReference; lastKnownFileType = file; path = "SF-Compact-Rounded-Bold.otf"; sourceTree = "<group>"; };
		2C48960228EAF4CF0010DFC7 /* SF-Compact-Rounded-Black.otf */ = {isa = PBXFileReference; lastKnownFileType = file; path = "SF-Compact-Rounded-Black.otf"; sourceTree = "<group>"; };
		2C48960328EAF4CF0010DFC7 /* SF-Compact-Rounded-Ultralight.otf */ = {isa = PBXFileReference; lastKnownFileType = file; path = "SF-Compact-Rounded-Ultralight.otf"; sourceTree = "<group>"; };
		2C48960428EAF4CF0010DFC7 /* SF-Compact-Rounded-Medium.otf */ = {isa = PBXFileReference; lastKnownFileType = file; path = "SF-Compact-Rounded-Medium.otf"; sourceTree = "<group>"; };
		2C48960528EAF4CF0010DFC7 /* SF-Compact-Rounded-Heavy.otf */ = {isa = PBXFileReference; lastKnownFileType = file; path = "SF-Compact-Rounded-Heavy.otf"; sourceTree = "<group>"; };
		2C48960628EAF4CF0010DFC7 /* SF-Compact-Rounded-Light.otf */ = {isa = PBXFileReference; lastKnownFileType = file; path = "SF-Compact-Rounded-Light.otf"; sourceTree = "<group>"; };
		2C48960728EAF4CF0010DFC7 /* SF-Compact-Rounded-Semibold.otf */ = {isa = PBXFileReference; lastKnownFileType = file; path = "SF-Compact-Rounded-Semibold.otf"; sourceTree = "<group>"; };
		2C48960828EAF4CF0010DFC7 /* SF-Compact-Rounded-Regular.otf */ = {isa = PBXFileReference; lastKnownFileType = file; path = "SF-Compact-Rounded-Regular.otf"; sourceTree = "<group>"; };
		2C48961228EAF60B0010DFC7 /* ButtonLabel.swift */ = {isa = PBXFileReference; lastKnownFileType = sourcecode.swift; path = ButtonLabel.swift; sourceTree = "<group>"; };
		2C48961428EAFA160010DFC7 /* MenuBackgroundView.swift */ = {isa = PBXFileReference; lastKnownFileType = sourcecode.swift; path = MenuBackgroundView.swift; sourceTree = "<group>"; };
		2C48961628EAFA420010DFC7 /* GameBackgroundView.swift */ = {isa = PBXFileReference; lastKnownFileType = sourcecode.swift; path = GameBackgroundView.swift; sourceTree = "<group>"; };
		2C48961928EAFA850010DFC7 /* HomeView.swift */ = {isa = PBXFileReference; lastKnownFileType = sourcecode.swift; path = HomeView.swift; sourceTree = "<group>"; };
		2C48961B28EB00F50010DFC7 /* PlayersListView.swift */ = {isa = PBXFileReference; lastKnownFileType = sourcecode.swift; path = PlayersListView.swift; sourceTree = "<group>"; };
		2C48961E28EB01310010DFC7 /* Player.swift */ = {isa = PBXFileReference; lastKnownFileType = sourcecode.swift; path = Player.swift; sourceTree = "<group>"; };
		2C48962028EB01460010DFC7 /* Question.swift */ = {isa = PBXFileReference; lastKnownFileType = sourcecode.swift; path = Question.swift; sourceTree = "<group>"; };
		2C48962228EB01600010DFC7 /* Penalty.swift */ = {isa = PBXFileReference; lastKnownFileType = sourcecode.swift; path = Penalty.swift; sourceTree = "<group>"; };
		2C48962428EB016F0010DFC7 /* Blame.swift */ = {isa = PBXFileReference; lastKnownFileType = sourcecode.swift; path = Blame.swift; sourceTree = "<group>"; };
		2C48962628EB09890010DFC7 /* AddPlayerView.swift */ = {isa = PBXFileReference; lastKnownFileType = sourcecode.swift; path = AddPlayerView.swift; sourceTree = "<group>"; };
		2C48962828EB397C0010DFC7 /* GameView.swift */ = {isa = PBXFileReference; lastKnownFileType = sourcecode.swift; path = GameView.swift; sourceTree = "<group>"; };
		2C48962A28EB39A70010DFC7 /* GameViewModel.swift */ = {isa = PBXFileReference; lastKnownFileType = sourcecode.swift; path = GameViewModel.swift; sourceTree = "<group>"; };
		2C48962D28EB3A010010DFC7 /* GameDataProvider.swift */ = {isa = PBXFileReference; lastKnownFileType = sourcecode.swift; path = GameDataProvider.swift; sourceTree = "<group>"; };
		2C4CED2028EB3BE2000EE935 /* Questions.txt */ = {isa = PBXFileReference; fileEncoding = 4; lastKnownFileType = text; name = Questions.txt; path = Resources/Questions.txt; sourceTree = "<group>"; };
		2C4CED2128EB3BE3000EE935 /* Penalties.txt */ = {isa = PBXFileReference; fileEncoding = 4; lastKnownFileType = text; name = Penalties.txt; path = Resources/Penalties.txt; sourceTree = "<group>"; };
		2C734B6928E2E9F40091575B /* UrkCardGame.app */ = {isa = PBXFileReference; explicitFileType = wrapper.application; includeInIndex = 0; path = UrkCardGame.app; sourceTree = BUILT_PRODUCTS_DIR; };
		2C734B6C28E2E9F40091575B /* UrkCardGameApp.swift */ = {isa = PBXFileReference; lastKnownFileType = sourcecode.swift; path = UrkCardGameApp.swift; sourceTree = "<group>"; };
		2C734B6E28E2E9F40091575B /* ContentView.swift */ = {isa = PBXFileReference; lastKnownFileType = sourcecode.swift; path = ContentView.swift; sourceTree = "<group>"; };
		2C734B7028E2E9F60091575B /* Assets.xcassets */ = {isa = PBXFileReference; lastKnownFileType = folder.assetcatalog; path = Assets.xcassets; sourceTree = "<group>"; };
		2C734B7328E2E9F60091575B /* Preview Assets.xcassets */ = {isa = PBXFileReference; lastKnownFileType = folder.assetcatalog; path = "Preview Assets.xcassets"; sourceTree = "<group>"; };
		2CA9D14428EC22240036A3C8 /* GameRulesView.swift */ = {isa = PBXFileReference; lastKnownFileType = sourcecode.swift; path = GameRulesView.swift; sourceTree = "<group>"; };
		2CA9D14628EC3ECC0036A3C8 /* RateView.swift */ = {isa = PBXFileReference; lastKnownFileType = sourcecode.swift; path = RateView.swift; sourceTree = "<group>"; };
		2CA9D14828EC420D0036A3C8 /* SettingsView.swift */ = {isa = PBXFileReference; lastKnownFileType = sourcecode.swift; path = SettingsView.swift; sourceTree = "<group>"; };
/* End PBXFileReference section */

/* Begin PBXFrameworksBuildPhase section */
		2C734B6628E2E9F40091575B /* Frameworks */ = {
			isa = PBXFrameworksBuildPhase;
			buildActionMask = 2147483647;
			files = (
			);
			runOnlyForDeploymentPostprocessing = 0;
		};
/* End PBXFrameworksBuildPhase section */

/* Begin PBXGroup section */
		2C4895DD28EAF0580010DFC7 /* Helpers */ = {
			isa = PBXGroup;
			children = (
				2C4895DE28EAF0690010DFC7 /* Constants.swift */,
				2C4895E028EAF0810010DFC7 /* CustomEnvironmentProperties.swift */,
			);
			path = Helpers;
			sourceTree = "<group>";
		};
		2C4895E228EAF0AF0010DFC7 /* Components */ = {
			isa = PBXGroup;
			children = (
				2C4895E328EAF0C70010DFC7 /* BackButton.swift */,
				2C48961228EAF60B0010DFC7 /* ButtonLabel.swift */,
				2C48961428EAFA160010DFC7 /* MenuBackgroundView.swift */,
				2C48961628EAFA420010DFC7 /* GameBackgroundView.swift */,
			);
			path = Components;
			sourceTree = "<group>";
		};
		2C4895E528EAF1510010DFC7 /* Generated */ = {
			isa = PBXGroup;
			children = (
				2C4895F328EAF21B0010DFC7 /* Assets.swift */,
				2C4895F528EAF2520010DFC7 /* Fonts.swift */,
			);
			path = Generated;
			sourceTree = "<group>";
		};
		2C4895E828EAF1860010DFC7 /* Resources */ = {
			isa = PBXGroup;
			children = (
				2C4895E928EAF18F0010DFC7 /* Fonts */,
			);
			path = Resources;
			sourceTree = "<group>";
		};
		2C4895E928EAF18F0010DFC7 /* Fonts */ = {
			isa = PBXGroup;
			children = (
				2C48960228EAF4CF0010DFC7 /* SF-Compact-Rounded-Black.otf */,
				2C48960128EAF4CF0010DFC7 /* SF-Compact-Rounded-Bold.otf */,
				2C48960528EAF4CF0010DFC7 /* SF-Compact-Rounded-Heavy.otf */,
				2C48960628EAF4CF0010DFC7 /* SF-Compact-Rounded-Light.otf */,
				2C48960428EAF4CF0010DFC7 /* SF-Compact-Rounded-Medium.otf */,
				2C48960828EAF4CF0010DFC7 /* SF-Compact-Rounded-Regular.otf */,
				2C48960728EAF4CF0010DFC7 /* SF-Compact-Rounded-Semibold.otf */,
				2C48960028EAF4CF0010DFC7 /* SF-Compact-Rounded-Thin.otf */,
				2C48960328EAF4CF0010DFC7 /* SF-Compact-Rounded-Ultralight.otf */,
			);
			path = Fonts;
			sourceTree = "<group>";
		};
		2C48961828EAFA760010DFC7 /* Views */ = {
			isa = PBXGroup;
			children = (
				2C48961928EAFA850010DFC7 /* HomeView.swift */,
				2C48961B28EB00F50010DFC7 /* PlayersListView.swift */,
				2C48962628EB09890010DFC7 /* AddPlayerView.swift */,
				2C48962828EB397C0010DFC7 /* GameView.swift */,
				2C48962A28EB39A70010DFC7 /* GameViewModel.swift */,
				2CA9D14428EC22240036A3C8 /* GameRulesView.swift */,
				2CA9D14628EC3ECC0036A3C8 /* RateView.swift */,
				2CA9D14828EC420D0036A3C8 /* SettingsView.swift */,
			);
			path = Views;
			sourceTree = "<group>";
		};
		2C48961D28EB01250010DFC7 /* Models */ = {
			isa = PBXGroup;
			children = (
				2C48961E28EB01310010DFC7 /* Player.swift */,
				2C48962028EB01460010DFC7 /* Question.swift */,
				2C48962228EB01600010DFC7 /* Penalty.swift */,
				2C48962428EB016F0010DFC7 /* Blame.swift */,
			);
			path = Models;
			sourceTree = "<group>";
		};
		2C48962C28EB39D20010DFC7 /* Services */ = {
			isa = PBXGroup;
			children = (
				2C48962D28EB3A010010DFC7 /* GameDataProvider.swift */,
			);
			path = Services;
			sourceTree = "<group>";
		};
		2C734B6028E2E9F40091575B = {
			isa = PBXGroup;
			children = (
				2C734B6B28E2E9F40091575B /* UrkCardGame */,
				2C734B6A28E2E9F40091575B /* Products */,
			);
			sourceTree = "<group>";
		};
		2C734B6A28E2E9F40091575B /* Products */ = {
			isa = PBXGroup;
			children = (
				2C734B6928E2E9F40091575B /* UrkCardGame.app */,
			);
			name = Products;
			sourceTree = "<group>";
		};
		2C734B6B28E2E9F40091575B /* UrkCardGame */ = {
			isa = PBXGroup;
			children = (
				2C48962C28EB39D20010DFC7 /* Services */,
				2C48961D28EB01250010DFC7 /* Models */,
				2C4895E828EAF1860010DFC7 /* Resources */,
				2C4CED2128EB3BE3000EE935 /* Penalties.txt */,
				2C4CED2028EB3BE2000EE935 /* Questions.txt */,
				2C4895E528EAF1510010DFC7 /* Generated */,
				2C4895E228EAF0AF0010DFC7 /* Components */,
				2C4895DD28EAF0580010DFC7 /* Helpers */,
				2C48961828EAFA760010DFC7 /* Views */,
				2C734B6C28E2E9F40091575B /* UrkCardGameApp.swift */,
				2C734B6E28E2E9F40091575B /* ContentView.swift */,
				2C734B7028E2E9F60091575B /* Assets.xcassets */,
				2C734B7228E2E9F60091575B /* Preview Content */,
			);
			path = UrkCardGame;
			sourceTree = "<group>";
		};
		2C734B7228E2E9F60091575B /* Preview Content */ = {
			isa = PBXGroup;
			children = (
				2C734B7328E2E9F60091575B /* Preview Assets.xcassets */,
			);
			path = "Preview Content";
			sourceTree = "<group>";
		};
/* End PBXGroup section */

/* Begin PBXNativeTarget section */
		2C734B6828E2E9F40091575B /* UrkCardGame */ = {
			isa = PBXNativeTarget;
			buildConfigurationList = 2C734B7728E2E9F60091575B /* Build configuration list for PBXNativeTarget "UrkCardGame" */;
			buildPhases = (
				2C734B6528E2E9F40091575B /* Sources */,
				2C734B6628E2E9F40091575B /* Frameworks */,
				2C734B6728E2E9F40091575B /* Resources */,
			);
			buildRules = (
			);
			dependencies = (
			);
			name = UrkCardGame;
			productName = UrkCardGame;
			productReference = 2C734B6928E2E9F40091575B /* UrkCardGame.app */;
			productType = "com.apple.product-type.application";
		};
/* End PBXNativeTarget section */

/* Begin PBXProject section */
		2C734B6128E2E9F40091575B /* Project object */ = {
			isa = PBXProject;
			attributes = {
				BuildIndependentTargetsInParallel = 1;
				LastSwiftUpdateCheck = 1340;
				LastUpgradeCheck = 1340;
				TargetAttributes = {
					2C734B6828E2E9F40091575B = {
						CreatedOnToolsVersion = 13.4.1;
					};
				};
			};
			buildConfigurationList = 2C734B6428E2E9F40091575B /* Build configuration list for PBXProject "UrkCardGame" */;
			compatibilityVersion = "Xcode 13.0";
			developmentRegion = en;
			hasScannedForEncodings = 0;
			knownRegions = (
				en,
				Base,
			);
			mainGroup = 2C734B6028E2E9F40091575B;
			productRefGroup = 2C734B6A28E2E9F40091575B /* Products */;
			projectDirPath = "";
			projectRoot = "";
			targets = (
				2C734B6828E2E9F40091575B /* UrkCardGame */,
			);
		};
/* End PBXProject section */

/* Begin PBXResourcesBuildPhase section */
		2C734B6728E2E9F40091575B /* Resources */ = {
			isa = PBXResourcesBuildPhase;
			buildActionMask = 2147483647;
			files = (
				2C48960E28EAF4CF0010DFC7 /* SF-Compact-Rounded-Heavy.otf in Resources */,
				2C48961128EAF4CF0010DFC7 /* SF-Compact-Rounded-Regular.otf in Resources */,
				2C734B7428E2E9F60091575B /* Preview Assets.xcassets in Resources */,
				2C48960928EAF4CF0010DFC7 /* SF-Compact-Rounded-Thin.otf in Resources */,
				2C48960C28EAF4CF0010DFC7 /* SF-Compact-Rounded-Ultralight.otf in Resources */,
				2C734B7128E2E9F60091575B /* Assets.xcassets in Resources */,
				2C4CED2228EB3BE3000EE935 /* Questions.txt in Resources */,
				2C48960B28EAF4CF0010DFC7 /* SF-Compact-Rounded-Black.otf in Resources */,
				2C4CED2328EB3BE3000EE935 /* Penalties.txt in Resources */,
				2C48960F28EAF4CF0010DFC7 /* SF-Compact-Rounded-Light.otf in Resources */,
				2C48961028EAF4CF0010DFC7 /* SF-Compact-Rounded-Semibold.otf in Resources */,
				2C48960A28EAF4CF0010DFC7 /* SF-Compact-Rounded-Bold.otf in Resources */,
				2C48960D28EAF4CF0010DFC7 /* SF-Compact-Rounded-Medium.otf in Resources */,
			);
			runOnlyForDeploymentPostprocessing = 0;
		};
/* End PBXResourcesBuildPhase section */

/* Begin PBXSourcesBuildPhase section */
		2C734B6528E2E9F40091575B /* Sources */ = {
			isa = PBXSourcesBuildPhase;
			buildActionMask = 2147483647;
			files = (
				2C48961328EAF60B0010DFC7 /* ButtonLabel.swift in Sources */,
				2CA9D14928EC420D0036A3C8 /* SettingsView.swift in Sources */,
				2C4895F628EAF2520010DFC7 /* Fonts.swift in Sources */,
				2C48961728EAFA420010DFC7 /* GameBackgroundView.swift in Sources */,
				2C734B6F28E2E9F40091575B /* ContentView.swift in Sources */,
				2CA9D14528EC22240036A3C8 /* GameRulesView.swift in Sources */,
				2C48962928EB397C0010DFC7 /* GameView.swift in Sources */,
				2C734B6D28E2E9F40091575B /* UrkCardGameApp.swift in Sources */,
				2C48962128EB01460010DFC7 /* Question.swift in Sources */,
				2C48961F28EB01310010DFC7 /* Player.swift in Sources */,
				2C48962E28EB3A010010DFC7 /* GameDataProvider.swift in Sources */,
				2C48962528EB016F0010DFC7 /* Blame.swift in Sources */,
				2C48961A28EAFA850010DFC7 /* HomeView.swift in Sources */,
				2C4895F428EAF21B0010DFC7 /* Assets.swift in Sources */,
				2C4895DF28EAF0690010DFC7 /* Constants.swift in Sources */,
				2CA9D14728EC3ECC0036A3C8 /* RateView.swift in Sources */,
				2C48961C28EB00F50010DFC7 /* PlayersListView.swift in Sources */,
				2C4895E128EAF0810010DFC7 /* CustomEnvironmentProperties.swift in Sources */,
				2C48961528EAFA160010DFC7 /* MenuBackgroundView.swift in Sources */,
				2C48962B28EB39A70010DFC7 /* GameViewModel.swift in Sources */,
				2C48962328EB01600010DFC7 /* Penalty.swift in Sources */,
				2C48962728EB09890010DFC7 /* AddPlayerView.swift in Sources */,
				2C4895E428EAF0C70010DFC7 /* BackButton.swift in Sources */,
			);
			runOnlyForDeploymentPostprocessing = 0;
		};
/* End PBXSourcesBuildPhase section */

/* Begin XCBuildConfiguration section */
		2C734B7528E2E9F60091575B /* Debug */ = {
			isa = XCBuildConfiguration;
			buildSettings = {
				ALWAYS_SEARCH_USER_PATHS = NO;
				CLANG_ANALYZER_NONNULL = YES;
				CLANG_ANALYZER_NUMBER_OBJECT_CONVERSION = YES_AGGRESSIVE;
				CLANG_CXX_LANGUAGE_STANDARD = "gnu++17";
				CLANG_ENABLE_MODULES = YES;
				CLANG_ENABLE_OBJC_ARC = YES;
				CLANG_ENABLE_OBJC_WEAK = YES;
				CLANG_WARN_BLOCK_CAPTURE_AUTORELEASING = YES;
				CLANG_WARN_BOOL_CONVERSION = YES;
				CLANG_WARN_COMMA = YES;
				CLANG_WARN_CONSTANT_CONVERSION = YES;
				CLANG_WARN_DEPRECATED_OBJC_IMPLEMENTATIONS = YES;
				CLANG_WARN_DIRECT_OBJC_ISA_USAGE = YES_ERROR;
				CLANG_WARN_DOCUMENTATION_COMMENTS = YES;
				CLANG_WARN_EMPTY_BODY = YES;
				CLANG_WARN_ENUM_CONVERSION = YES;
				CLANG_WARN_INFINITE_RECURSION = YES;
				CLANG_WARN_INT_CONVERSION = YES;
				CLANG_WARN_NON_LITERAL_NULL_CONVERSION = YES;
				CLANG_WARN_OBJC_IMPLICIT_RETAIN_SELF = YES;
				CLANG_WARN_OBJC_LITERAL_CONVERSION = YES;
				CLANG_WARN_OBJC_ROOT_CLASS = YES_ERROR;
				CLANG_WARN_QUOTED_INCLUDE_IN_FRAMEWORK_HEADER = YES;
				CLANG_WARN_RANGE_LOOP_ANALYSIS = YES;
				CLANG_WARN_STRICT_PROTOTYPES = YES;
				CLANG_WARN_SUSPICIOUS_MOVE = YES;
				CLANG_WARN_UNGUARDED_AVAILABILITY = YES_AGGRESSIVE;
				CLANG_WARN_UNREACHABLE_CODE = YES;
				CLANG_WARN__DUPLICATE_METHOD_MATCH = YES;
				COPY_PHASE_STRIP = NO;
				DEBUG_INFORMATION_FORMAT = dwarf;
				ENABLE_STRICT_OBJC_MSGSEND = YES;
				ENABLE_TESTABILITY = YES;
				GCC_C_LANGUAGE_STANDARD = gnu11;
				GCC_DYNAMIC_NO_PIC = NO;
				GCC_NO_COMMON_BLOCKS = YES;
				GCC_OPTIMIZATION_LEVEL = 0;
				GCC_PREPROCESSOR_DEFINITIONS = (
					"DEBUG=1",
					"$(inherited)",
				);
				GCC_WARN_64_TO_32_BIT_CONVERSION = YES;
				GCC_WARN_ABOUT_RETURN_TYPE = YES_ERROR;
				GCC_WARN_UNDECLARED_SELECTOR = YES;
				GCC_WARN_UNINITIALIZED_AUTOS = YES_AGGRESSIVE;
				GCC_WARN_UNUSED_FUNCTION = YES;
				GCC_WARN_UNUSED_VARIABLE = YES;
				IPHONEOS_DEPLOYMENT_TARGET = 15.5;
				MTL_ENABLE_DEBUG_INFO = INCLUDE_SOURCE;
				MTL_FAST_MATH = YES;
				ONLY_ACTIVE_ARCH = YES;
				SDKROOT = iphoneos;
				SWIFT_ACTIVE_COMPILATION_CONDITIONS = DEBUG;
				SWIFT_OPTIMIZATION_LEVEL = "-Onone";
			};
			name = Debug;
		};
		2C734B7628E2E9F60091575B /* Release */ = {
			isa = XCBuildConfiguration;
			buildSettings = {
				ALWAYS_SEARCH_USER_PATHS = NO;
				CLANG_ANALYZER_NONNULL = YES;
				CLANG_ANALYZER_NUMBER_OBJECT_CONVERSION = YES_AGGRESSIVE;
				CLANG_CXX_LANGUAGE_STANDARD = "gnu++17";
				CLANG_ENABLE_MODULES = YES;
				CLANG_ENABLE_OBJC_ARC = YES;
				CLANG_ENABLE_OBJC_WEAK = YES;
				CLANG_WARN_BLOCK_CAPTURE_AUTORELEASING = YES;
				CLANG_WARN_BOOL_CONVERSION = YES;
				CLANG_WARN_COMMA = YES;
				CLANG_WARN_CONSTANT_CONVERSION = YES;
				CLANG_WARN_DEPRECATED_OBJC_IMPLEMENTATIONS = YES;
				CLANG_WARN_DIRECT_OBJC_ISA_USAGE = YES_ERROR;
				CLANG_WARN_DOCUMENTATION_COMMENTS = YES;
				CLANG_WARN_EMPTY_BODY = YES;
				CLANG_WARN_ENUM_CONVERSION = YES;
				CLANG_WARN_INFINITE_RECURSION = YES;
				CLANG_WARN_INT_CONVERSION = YES;
				CLANG_WARN_NON_LITERAL_NULL_CONVERSION = YES;
				CLANG_WARN_OBJC_IMPLICIT_RETAIN_SELF = YES;
				CLANG_WARN_OBJC_LITERAL_CONVERSION = YES;
				CLANG_WARN_OBJC_ROOT_CLASS = YES_ERROR;
				CLANG_WARN_QUOTED_INCLUDE_IN_FRAMEWORK_HEADER = YES;
				CLANG_WARN_RANGE_LOOP_ANALYSIS = YES;
				CLANG_WARN_STRICT_PROTOTYPES = YES;
				CLANG_WARN_SUSPICIOUS_MOVE = YES;
				CLANG_WARN_UNGUARDED_AVAILABILITY = YES_AGGRESSIVE;
				CLANG_WARN_UNREACHABLE_CODE = YES;
				CLANG_WARN__DUPLICATE_METHOD_MATCH = YES;
				COPY_PHASE_STRIP = NO;
				DEBUG_INFORMATION_FORMAT = "dwarf-with-dsym";
				ENABLE_NS_ASSERTIONS = NO;
				ENABLE_STRICT_OBJC_MSGSEND = YES;
				GCC_C_LANGUAGE_STANDARD = gnu11;
				GCC_NO_COMMON_BLOCKS = YES;
				GCC_WARN_64_TO_32_BIT_CONVERSION = YES;
				GCC_WARN_ABOUT_RETURN_TYPE = YES_ERROR;
				GCC_WARN_UNDECLARED_SELECTOR = YES;
				GCC_WARN_UNINITIALIZED_AUTOS = YES_AGGRESSIVE;
				GCC_WARN_UNUSED_FUNCTION = YES;
				GCC_WARN_UNUSED_VARIABLE = YES;
				IPHONEOS_DEPLOYMENT_TARGET = 15.5;
				MTL_ENABLE_DEBUG_INFO = NO;
				MTL_FAST_MATH = YES;
				SDKROOT = iphoneos;
				SWIFT_COMPILATION_MODE = wholemodule;
				SWIFT_OPTIMIZATION_LEVEL = "-O";
				VALIDATE_PRODUCT = YES;
			};
			name = Release;
		};
		2C734B7828E2E9F60091575B /* Debug */ = {
			isa = XCBuildConfiguration;
			buildSettings = {
				ASSETCATALOG_COMPILER_APPICON_NAME = AppIcon;
				ASSETCATALOG_COMPILER_GLOBAL_ACCENT_COLOR_NAME = AccentColor;
				CODE_SIGN_STYLE = Automatic;
				CURRENT_PROJECT_VERSION = 1;
				DEVELOPMENT_ASSET_PATHS = "\"UrkCardGame/Preview Content\"";
				DEVELOPMENT_TEAM = JDMQBR6RR6;
				ENABLE_PREVIEWS = YES;
				GENERATE_INFOPLIST_FILE = YES;
				INFOPLIST_KEY_UIApplicationSceneManifest_Generation = YES;
				INFOPLIST_KEY_UIApplicationSupportsIndirectInputEvents = YES;
				INFOPLIST_KEY_UILaunchScreen_Generation = YES;
				INFOPLIST_KEY_UISupportedInterfaceOrientations_iPad = "UIInterfaceOrientationPortrait UIInterfaceOrientationPortraitUpsideDown UIInterfaceOrientationLandscapeLeft UIInterfaceOrientationLandscapeRight";
				INFOPLIST_KEY_UISupportedInterfaceOrientations_iPhone = "UIInterfaceOrientationPortrait UIInterfaceOrientationLandscapeLeft UIInterfaceOrientationLandscapeRight";
				LD_RUNPATH_SEARCH_PATHS = (
					"$(inherited)",
					"@executable_path/Frameworks",
				);
				MARKETING_VERSION = 1.0;
				PRODUCT_BUNDLE_IDENTIFIER = com.divan.UrkCardGame;
				PRODUCT_NAME = "$(TARGET_NAME)";
				SWIFT_EMIT_LOC_STRINGS = YES;
				SWIFT_VERSION = 5.0;
				TARGETED_DEVICE_FAMILY = "1,2";
			};
			name = Debug;
		};
		2C734B7928E2E9F60091575B /* Release */ = {
			isa = XCBuildConfiguration;
			buildSettings = {
				ASSETCATALOG_COMPILER_APPICON_NAME = AppIcon;
				ASSETCATALOG_COMPILER_GLOBAL_ACCENT_COLOR_NAME = AccentColor;
				CODE_SIGN_STYLE = Automatic;
				CURRENT_PROJECT_VERSION = 1;
				DEVELOPMENT_ASSET_PATHS = "\"UrkCardGame/Preview Content\"";
				DEVELOPMENT_TEAM = JDMQBR6RR6;
				ENABLE_PREVIEWS = YES;
				GENERATE_INFOPLIST_FILE = YES;
				INFOPLIST_KEY_UIApplicationSceneManifest_Generation = YES;
				INFOPLIST_KEY_UIApplicationSupportsIndirectInputEvents = YES;
				INFOPLIST_KEY_UILaunchScreen_Generation = YES;
				INFOPLIST_KEY_UISupportedInterfaceOrientations_iPad = "UIInterfaceOrientationPortrait UIInterfaceOrientationPortraitUpsideDown UIInterfaceOrientationLandscapeLeft UIInterfaceOrientationLandscapeRight";
				INFOPLIST_KEY_UISupportedInterfaceOrientations_iPhone = "UIInterfaceOrientationPortrait UIInterfaceOrientationLandscapeLeft UIInterfaceOrientationLandscapeRight";
				LD_RUNPATH_SEARCH_PATHS = (
					"$(inherited)",
					"@executable_path/Frameworks",
				);
				MARKETING_VERSION = 1.0;
				PRODUCT_BUNDLE_IDENTIFIER = com.divan.UrkCardGame;
				PRODUCT_NAME = "$(TARGET_NAME)";
				SWIFT_EMIT_LOC_STRINGS = YES;
				SWIFT_VERSION = 5.0;
				TARGETED_DEVICE_FAMILY = "1,2";
			};
			name = Release;
		};
/* End XCBuildConfiguration section */

/* Begin XCConfigurationList section */
		2C734B6428E2E9F40091575B /* Build configuration list for PBXProject "UrkCardGame" */ = {
			isa = XCConfigurationList;
			buildConfigurations = (
				2C734B7528E2E9F60091575B /* Debug */,
				2C734B7628E2E9F60091575B /* Release */,
			);
			defaultConfigurationIsVisible = 0;
			defaultConfigurationName = Release;
		};
		2C734B7728E2E9F60091575B /* Build configuration list for PBXNativeTarget "UrkCardGame" */ = {
			isa = XCConfigurationList;
			buildConfigurations = (
				2C734B7828E2E9F60091575B /* Debug */,
				2C734B7928E2E9F60091575B /* Release */,
			);
			defaultConfigurationIsVisible = 0;
			defaultConfigurationName = Release;
		};
/* End XCConfigurationList section */
	};
	rootObject = 2C734B6128E2E9F40091575B /* Project object */;
}
